// !$*UTF8*$!
{
	archiveVersion = 1;
	classes = {
	};
	objectVersion = 56;
	objects = {

/* Begin PBXBuildFile section */
		0D42AD212BBC464E00462888 /* StartDateDuration.swift in Sources */ = {isa = PBXBuildFile; fileRef = 0D42AD202BBC464E00462888 /* StartDateDuration.swift */; };
		0D42AD252BBC574700462888 /* LoanProjectionModel.swift in Sources */ = {isa = PBXBuildFile; fileRef = 0D42AD242BBC574700462888 /* LoanProjectionModel.swift */; };
		AC08CC972BB84B0100EE7800 /* PlatformListProjection.swift in Sources */ = {isa = PBXBuildFile; fileRef = AC08CC962BB84B0100EE7800 /* PlatformListProjection.swift */; };
		AC143C052BB6C98B00EEC76C /* FinSmartApp.swift in Sources */ = {isa = PBXBuildFile; fileRef = AC143C042BB6C98B00EEC76C /* FinSmartApp.swift */; };
		AC143C072BB6C98B00EEC76C /* ContentView.swift in Sources */ = {isa = PBXBuildFile; fileRef = AC143C062BB6C98B00EEC76C /* ContentView.swift */; };
		AC143C092BB6C98C00EEC76C /* Assets.xcassets in Resources */ = {isa = PBXBuildFile; fileRef = AC143C082BB6C98C00EEC76C /* Assets.xcassets */; };
		AC143C0C2BB6C98C00EEC76C /* Preview Assets.xcassets in Resources */ = {isa = PBXBuildFile; fileRef = AC143C0B2BB6C98C00EEC76C /* Preview Assets.xcassets */; };
		AC36D99A2BBC6A90009B56A1 /* SplashScreen.swift in Sources */ = {isa = PBXBuildFile; fileRef = AC36D9992BBC6A90009B56A1 /* SplashScreen.swift */; };
		AC36D99C2BBC6BF6009B56A1 /* OnboardingPage.swift in Sources */ = {isa = PBXBuildFile; fileRef = AC36D99B2BBC6BF6009B56A1 /* OnboardingPage.swift */; };
		AC9083502BB960120001607F /* platformList.json in Resources */ = {isa = PBXBuildFile; fileRef = AC90834F2BB960120001607F /* platformList.json */; };
		AC9083522BB9613C0001607F /* ModelData.swift in Sources */ = {isa = PBXBuildFile; fileRef = AC9083512BB9613C0001607F /* ModelData.swift */; };
		AC9083542BB961A10001607F /* PlatformRows.swift in Sources */ = {isa = PBXBuildFile; fileRef = AC9083532BB961A10001607F /* PlatformRows.swift */; };
		AC9083562BB9679F0001607F /* PlatformDetail.swift in Sources */ = {isa = PBXBuildFile; fileRef = AC9083552BB9679F0001607F /* PlatformDetail.swift */; };
		AC9083582BBA3F040001607F /* loanList.json in Resources */ = {isa = PBXBuildFile; fileRef = AC9083572BBA3F040001607F /* loanList.json */; };
		ACBAC89D2BB7CAB90013CFB4 /* NotificationList.swift in Sources */ = {isa = PBXBuildFile; fileRef = ACBAC89C2BB7CAB90013CFB4 /* NotificationList.swift */; };
		ACBAC89F2BB7CB270013CFB4 /* Settings.swift in Sources */ = {isa = PBXBuildFile; fileRef = ACBAC89E2BB7CB270013CFB4 /* Settings.swift */; };
		ACBAC8A22BB7D0070013CFB4 /* FinanceSummary.swift in Sources */ = {isa = PBXBuildFile; fileRef = ACBAC8A12BB7D0070013CFB4 /* FinanceSummary.swift */; };
		ACBAC8A62BB7D1E80013CFB4 /* Loans.swift in Sources */ = {isa = PBXBuildFile; fileRef = ACBAC8A52BB7D1E80013CFB4 /* Loans.swift */; };
		ACBAC8A82BB7D2740013CFB4 /* Platform.swift in Sources */ = {isa = PBXBuildFile; fileRef = ACBAC8A72BB7D2740013CFB4 /* Platform.swift */; };
		ACF2EAB32BBA8B5A00869E0D /* LoanRows.swift in Sources */ = {isa = PBXBuildFile; fileRef = ACF2EAB22BBA8B5A00869E0D /* LoanRows.swift */; };
		ACF2EAB52BBA94DE00869E0D /* PlatformDetailProjection.swift in Sources */ = {isa = PBXBuildFile; fileRef = ACF2EAB42BBA94DE00869E0D /* PlatformDetailProjection.swift */; };
		ACF2EAB72BBA991900869E0D /* TitleAmount.swift in Sources */ = {isa = PBXBuildFile; fileRef = ACF2EAB62BBA991900869E0D /* TitleAmount.swift */; };
		E4366A5E2BB6DE2C00FBC5D1 /* HomeScreen.swift in Sources */ = {isa = PBXBuildFile; fileRef = E4366A5A2BB6DE2C00FBC5D1 /* HomeScreen.swift */; };
		E4366A5F2BB6DE2C00FBC5D1 /* LoanDetails.swift in Sources */ = {isa = PBXBuildFile; fileRef = E4366A5B2BB6DE2C00FBC5D1 /* LoanDetails.swift */; };
		E4366A602BB6DE2C00FBC5D1 /* ProfileScreen.swift in Sources */ = {isa = PBXBuildFile; fileRef = E4366A5C2BB6DE2C00FBC5D1 /* ProfileScreen.swift */; };
		E4366A652BB6F05800FBC5D1 /* BottomTabView.swift in Sources */ = {isa = PBXBuildFile; fileRef = E4366A642BB6F05800FBC5D1 /* BottomTabView.swift */; };
		E4366A682BB6F10000FBC5D1 /* PlatformList.swift in Sources */ = {isa = PBXBuildFile; fileRef = E4366A672BB6F10000FBC5D1 /* PlatformList.swift */; };
/* End PBXBuildFile section */

/* Begin PBXFileReference section */
		0D42AD202BBC464E00462888 /* StartDateDuration.swift */ = {isa = PBXFileReference; lastKnownFileType = sourcecode.swift; path = StartDateDuration.swift; sourceTree = "<group>"; };
		0D42AD242BBC574700462888 /* LoanProjectionModel.swift */ = {isa = PBXFileReference; lastKnownFileType = sourcecode.swift; path = LoanProjectionModel.swift; sourceTree = "<group>"; };
		AC08CC962BB84B0100EE7800 /* PlatformListProjection.swift */ = {isa = PBXFileReference; lastKnownFileType = sourcecode.swift; path = PlatformListProjection.swift; sourceTree = "<group>"; };
		AC143C012BB6C98B00EEC76C /* FinSmart.app */ = {isa = PBXFileReference; explicitFileType = wrapper.application; includeInIndex = 0; path = FinSmart.app; sourceTree = BUILT_PRODUCTS_DIR; };
		AC143C042BB6C98B00EEC76C /* FinSmartApp.swift */ = {isa = PBXFileReference; lastKnownFileType = sourcecode.swift; path = FinSmartApp.swift; sourceTree = "<group>"; };
		AC143C062BB6C98B00EEC76C /* ContentView.swift */ = {isa = PBXFileReference; lastKnownFileType = sourcecode.swift; path = ContentView.swift; sourceTree = "<group>"; };
		AC143C082BB6C98C00EEC76C /* Assets.xcassets */ = {isa = PBXFileReference; lastKnownFileType = folder.assetcatalog; path = Assets.xcassets; sourceTree = "<group>"; };
		AC143C0B2BB6C98C00EEC76C /* Preview Assets.xcassets */ = {isa = PBXFileReference; lastKnownFileType = folder.assetcatalog; path = "Preview Assets.xcassets"; sourceTree = "<group>"; };
		AC36D9992BBC6A90009B56A1 /* SplashScreen.swift */ = {isa = PBXFileReference; lastKnownFileType = sourcecode.swift; path = SplashScreen.swift; sourceTree = "<group>"; };
		AC36D99B2BBC6BF6009B56A1 /* OnboardingPage.swift */ = {isa = PBXFileReference; lastKnownFileType = sourcecode.swift; path = OnboardingPage.swift; sourceTree = "<group>"; };
		AC90834F2BB960120001607F /* platformList.json */ = {isa = PBXFileReference; lastKnownFileType = text.json; path = platformList.json; sourceTree = "<group>"; };
		AC9083512BB9613C0001607F /* ModelData.swift */ = {isa = PBXFileReference; lastKnownFileType = sourcecode.swift; path = ModelData.swift; sourceTree = "<group>"; };
		AC9083532BB961A10001607F /* PlatformRows.swift */ = {isa = PBXFileReference; lastKnownFileType = sourcecode.swift; path = PlatformRows.swift; sourceTree = "<group>"; };
		AC9083552BB9679F0001607F /* PlatformDetail.swift */ = {isa = PBXFileReference; lastKnownFileType = sourcecode.swift; path = PlatformDetail.swift; sourceTree = "<group>"; };
		AC9083572BBA3F040001607F /* loanList.json */ = {isa = PBXFileReference; lastKnownFileType = text.json; path = loanList.json; sourceTree = "<group>"; };
		ACBAC89C2BB7CAB90013CFB4 /* NotificationList.swift */ = {isa = PBXFileReference; lastKnownFileType = sourcecode.swift; path = NotificationList.swift; sourceTree = "<group>"; };
		ACBAC89E2BB7CB270013CFB4 /* Settings.swift */ = {isa = PBXFileReference; lastKnownFileType = sourcecode.swift; path = Settings.swift; sourceTree = "<group>"; };
		ACBAC8A12BB7D0070013CFB4 /* FinanceSummary.swift */ = {isa = PBXFileReference; lastKnownFileType = sourcecode.swift; path = FinanceSummary.swift; sourceTree = "<group>"; };
		ACBAC8A52BB7D1E80013CFB4 /* Loans.swift */ = {isa = PBXFileReference; lastKnownFileType = sourcecode.swift; path = Loans.swift; sourceTree = "<group>"; };
		ACBAC8A72BB7D2740013CFB4 /* Platform.swift */ = {isa = PBXFileReference; lastKnownFileType = sourcecode.swift; path = Platform.swift; sourceTree = "<group>"; };
		ACF2EAB22BBA8B5A00869E0D /* LoanRows.swift */ = {isa = PBXFileReference; lastKnownFileType = sourcecode.swift; path = LoanRows.swift; sourceTree = "<group>"; };
		ACF2EAB42BBA94DE00869E0D /* PlatformDetailProjection.swift */ = {isa = PBXFileReference; lastKnownFileType = sourcecode.swift; path = PlatformDetailProjection.swift; sourceTree = "<group>"; };
		ACF2EAB62BBA991900869E0D /* TitleAmount.swift */ = {isa = PBXFileReference; lastKnownFileType = sourcecode.swift; path = TitleAmount.swift; sourceTree = "<group>"; };
		E4366A5A2BB6DE2C00FBC5D1 /* HomeScreen.swift */ = {isa = PBXFileReference; fileEncoding = 4; lastKnownFileType = sourcecode.swift; path = HomeScreen.swift; sourceTree = "<group>"; };
		E4366A5B2BB6DE2C00FBC5D1 /* LoanDetails.swift */ = {isa = PBXFileReference; fileEncoding = 4; lastKnownFileType = sourcecode.swift; path = LoanDetails.swift; sourceTree = "<group>"; };
		E4366A5C2BB6DE2C00FBC5D1 /* ProfileScreen.swift */ = {isa = PBXFileReference; fileEncoding = 4; lastKnownFileType = sourcecode.swift; path = ProfileScreen.swift; sourceTree = "<group>"; };
		E4366A642BB6F05800FBC5D1 /* BottomTabView.swift */ = {isa = PBXFileReference; lastKnownFileType = sourcecode.swift; path = BottomTabView.swift; sourceTree = "<group>"; };
		E4366A672BB6F10000FBC5D1 /* PlatformList.swift */ = {isa = PBXFileReference; lastKnownFileType = sourcecode.swift; path = PlatformList.swift; sourceTree = "<group>"; };
/* End PBXFileReference section */

/* Begin PBXFrameworksBuildPhase section */
		AC143BFE2BB6C98B00EEC76C /* Frameworks */ = {
			isa = PBXFrameworksBuildPhase;
			buildActionMask = 2147483647;
			files = (
			);
			runOnlyForDeploymentPostprocessing = 0;
		};
/* End PBXFrameworksBuildPhase section */

/* Begin PBXGroup section */
		0D42AD232BBC4E6D00462888 /* Loan Confirmation */ = {
			isa = PBXGroup;
			children = (
			);
			path = "Loan Confirmation";
			sourceTree = "<group>";
		};
		AC143BF82BB6C98B00EEC76C = {
			isa = PBXGroup;
			children = (
				AC143C032BB6C98B00EEC76C /* FinSmart */,
				AC143C022BB6C98B00EEC76C /* Products */,
			);
			sourceTree = "<group>";
		};
		AC143C022BB6C98B00EEC76C /* Products */ = {
			isa = PBXGroup;
			children = (
				AC143C012BB6C98B00EEC76C /* FinSmart.app */,
			);
			name = Products;
			sourceTree = "<group>";
		};
		AC143C032BB6C98B00EEC76C /* FinSmart */ = {
			isa = PBXGroup;
			children = (
				ACBAC8A42BB7D1D40013CFB4 /* Model */,
				ACBAC8A32BB7D1B10013CFB4 /* Resources */,
				AC143C042BB6C98B00EEC76C /* FinSmartApp.swift */,
				E4366A5D2BB6DE2C00FBC5D1 /* Pages */,
				E4366A612BB6EEC200FBC5D1 /* TabView */,
				AC143C062BB6C98B00EEC76C /* ContentView.swift */,
				AC143C082BB6C98C00EEC76C /* Assets.xcassets */,
				AC143C0A2BB6C98C00EEC76C /* Preview Content */,
			);
			path = FinSmart;
			sourceTree = "<group>";
		};
		AC143C0A2BB6C98C00EEC76C /* Preview Content */ = {
			isa = PBXGroup;
			children = (
				AC143C0B2BB6C98C00EEC76C /* Preview Assets.xcassets */,
			);
			path = "Preview Content";
			sourceTree = "<group>";
		};
		ACBAC8A02BB7CC170013CFB4 /* Add Loan */ = {
			isa = PBXGroup;
			children = (
				0D42AD232BBC4E6D00462888 /* Loan Confirmation */,
				ACBAC8A12BB7D0070013CFB4 /* FinanceSummary.swift */,
				AC08CC962BB84B0100EE7800 /* PlatformListProjection.swift */,
				ACF2EAB42BBA94DE00869E0D /* PlatformDetailProjection.swift */,
				ACF2EAB62BBA991900869E0D /* TitleAmount.swift */,
				0D42AD202BBC464E00462888 /* StartDateDuration.swift */,
			);
			path = "Add Loan";
			sourceTree = "<group>";
		};
		ACBAC8A32BB7D1B10013CFB4 /* Resources */ = {
			isa = PBXGroup;
			children = (
				AC90834F2BB960120001607F /* platformList.json */,
				AC9083572BBA3F040001607F /* loanList.json */,
			);
			path = Resources;
			sourceTree = "<group>";
		};
		ACBAC8A42BB7D1D40013CFB4 /* Model */ = {
			isa = PBXGroup;
			children = (
				ACBAC8A52BB7D1E80013CFB4 /* Loans.swift */,
				ACBAC8A72BB7D2740013CFB4 /* Platform.swift */,
				AC9083512BB9613C0001607F /* ModelData.swift */,
				0D42AD242BBC574700462888 /* LoanProjectionModel.swift */,
			);
			path = Model;
			sourceTree = "<group>";
		};
		E4366A5D2BB6DE2C00FBC5D1 /* Pages */ = {
			isa = PBXGroup;
			children = (
				ACBAC8A02BB7CC170013CFB4 /* Add Loan */,
				E4366A5A2BB6DE2C00FBC5D1 /* HomeScreen.swift */,
				E4366A5C2BB6DE2C00FBC5D1 /* ProfileScreen.swift */,
				E4366A5B2BB6DE2C00FBC5D1 /* LoanDetails.swift */,
				E4366A672BB6F10000FBC5D1 /* PlatformList.swift */,
				ACBAC89C2BB7CAB90013CFB4 /* NotificationList.swift */,
				ACBAC89E2BB7CB270013CFB4 /* Settings.swift */,
				AC9083532BB961A10001607F /* PlatformRows.swift */,
				AC9083552BB9679F0001607F /* PlatformDetail.swift */,
				ACF2EAB22BBA8B5A00869E0D /* LoanRows.swift */,
				AC36D9992BBC6A90009B56A1 /* SplashScreen.swift */,
				AC36D99B2BBC6BF6009B56A1 /* OnboardingPage.swift */,
			);
			path = Pages;
			sourceTree = "<group>";
		};
		E4366A612BB6EEC200FBC5D1 /* TabView */ = {
			isa = PBXGroup;
			children = (
				E4366A642BB6F05800FBC5D1 /* BottomTabView.swift */,
			);
			path = TabView;
			sourceTree = "<group>";
		};
/* End PBXGroup section */

/* Begin PBXNativeTarget section */
		AC143C002BB6C98B00EEC76C /* FinSmart */ = {
			isa = PBXNativeTarget;
			buildConfigurationList = AC143C0F2BB6C98C00EEC76C /* Build configuration list for PBXNativeTarget "FinSmart" */;
			buildPhases = (
				AC143BFD2BB6C98B00EEC76C /* Sources */,
				AC143BFE2BB6C98B00EEC76C /* Frameworks */,
				AC143BFF2BB6C98B00EEC76C /* Resources */,
			);
			buildRules = (
			);
			dependencies = (
			);
			name = FinSmart;
			productName = FinSmart;
			productReference = AC143C012BB6C98B00EEC76C /* FinSmart.app */;
			productType = "com.apple.product-type.application";
		};
/* End PBXNativeTarget section */

/* Begin PBXProject section */
		AC143BF92BB6C98B00EEC76C /* Project object */ = {
			isa = PBXProject;
			attributes = {
				BuildIndependentTargetsInParallel = 1;
				LastSwiftUpdateCheck = 1520;
				LastUpgradeCheck = 1520;
				TargetAttributes = {
					AC143C002BB6C98B00EEC76C = {
						CreatedOnToolsVersion = 15.2;
					};
				};
			};
			buildConfigurationList = AC143BFC2BB6C98B00EEC76C /* Build configuration list for PBXProject "FinSmart" */;
			compatibilityVersion = "Xcode 14.0";
			developmentRegion = en;
			hasScannedForEncodings = 0;
			knownRegions = (
				en,
				Base,
			);
			mainGroup = AC143BF82BB6C98B00EEC76C;
			productRefGroup = AC143C022BB6C98B00EEC76C /* Products */;
			projectDirPath = "";
			projectRoot = "";
			targets = (
				AC143C002BB6C98B00EEC76C /* FinSmart */,
			);
		};
/* End PBXProject section */

/* Begin PBXResourcesBuildPhase section */
		AC143BFF2BB6C98B00EEC76C /* Resources */ = {
			isa = PBXResourcesBuildPhase;
			buildActionMask = 2147483647;
			files = (
				AC143C0C2BB6C98C00EEC76C /* Preview Assets.xcassets in Resources */,
				AC9083502BB960120001607F /* platformList.json in Resources */,
				AC143C092BB6C98C00EEC76C /* Assets.xcassets in Resources */,
				AC9083582BBA3F040001607F /* loanList.json in Resources */,
			);
			runOnlyForDeploymentPostprocessing = 0;
		};
/* End PBXResourcesBuildPhase section */

/* Begin PBXSourcesBuildPhase section */
		AC143BFD2BB6C98B00EEC76C /* Sources */ = {
			isa = PBXSourcesBuildPhase;
			buildActionMask = 2147483647;
			files = (
				ACBAC8A62BB7D1E80013CFB4 /* Loans.swift in Sources */,
				E4366A5E2BB6DE2C00FBC5D1 /* HomeScreen.swift in Sources */,
				ACBAC8A82BB7D2740013CFB4 /* Platform.swift in Sources */,
				E4366A602BB6DE2C00FBC5D1 /* ProfileScreen.swift in Sources */,
				ACF2EAB32BBA8B5A00869E0D /* LoanRows.swift in Sources */,
				ACF2EAB72BBA991900869E0D /* TitleAmount.swift in Sources */,
				AC36D99A2BBC6A90009B56A1 /* SplashScreen.swift in Sources */,
				AC9083542BB961A10001607F /* PlatformRows.swift in Sources */,
				AC08CC972BB84B0100EE7800 /* PlatformListProjection.swift in Sources */,
				0D42AD212BBC464E00462888 /* StartDateDuration.swift in Sources */,
				E4366A5F2BB6DE2C00FBC5D1 /* LoanDetails.swift in Sources */,
				AC9083562BB9679F0001607F /* PlatformDetail.swift in Sources */,
				E4366A652BB6F05800FBC5D1 /* BottomTabView.swift in Sources */,
				AC36D99C2BBC6BF6009B56A1 /* OnboardingPage.swift in Sources */,
				ACBAC89D2BB7CAB90013CFB4 /* NotificationList.swift in Sources */,
				AC143C072BB6C98B00EEC76C /* ContentView.swift in Sources */,
				ACF2EAB52BBA94DE00869E0D /* PlatformDetailProjection.swift in Sources */,
				ACBAC89F2BB7CB270013CFB4 /* Settings.swift in Sources */,
				ACBAC8A22BB7D0070013CFB4 /* FinanceSummary.swift in Sources */,
				E4366A682BB6F10000FBC5D1 /* PlatformList.swift in Sources */,
				AC143C052BB6C98B00EEC76C /* FinSmartApp.swift in Sources */,
				AC9083522BB9613C0001607F /* ModelData.swift in Sources */,
				0D42AD252BBC574700462888 /* LoanProjectionModel.swift in Sources */,
			);
			runOnlyForDeploymentPostprocessing = 0;
		};
/* End PBXSourcesBuildPhase section */

/* Begin XCBuildConfiguration section */
		AC143C0D2BB6C98C00EEC76C /* Debug */ = {
			isa = XCBuildConfiguration;
			buildSettings = {
				ALWAYS_SEARCH_USER_PATHS = NO;
				ASSETCATALOG_COMPILER_GENERATE_SWIFT_ASSET_SYMBOL_EXTENSIONS = YES;
				CLANG_ANALYZER_NONNULL = YES;
				CLANG_ANALYZER_NUMBER_OBJECT_CONVERSION = YES_AGGRESSIVE;
				CLANG_CXX_LANGUAGE_STANDARD = "gnu++20";
				CLANG_ENABLE_MODULES = YES;
				CLANG_ENABLE_OBJC_ARC = YES;
				CLANG_ENABLE_OBJC_WEAK = YES;
				CLANG_WARN_BLOCK_CAPTURE_AUTORELEASING = YES;
				CLANG_WARN_BOOL_CONVERSION = YES;
				CLANG_WARN_COMMA = YES;
				CLANG_WARN_CONSTANT_CONVERSION = YES;
				CLANG_WARN_DEPRECATED_OBJC_IMPLEMENTATIONS = YES;
				CLANG_WARN_DIRECT_OBJC_ISA_USAGE = YES_ERROR;
				CLANG_WARN_DOCUMENTATION_COMMENTS = YES;
				CLANG_WARN_EMPTY_BODY = YES;
				CLANG_WARN_ENUM_CONVERSION = YES;
				CLANG_WARN_INFINITE_RECURSION = YES;
				CLANG_WARN_INT_CONVERSION = YES;
				CLANG_WARN_NON_LITERAL_NULL_CONVERSION = YES;
				CLANG_WARN_OBJC_IMPLICIT_RETAIN_SELF = YES;
				CLANG_WARN_OBJC_LITERAL_CONVERSION = YES;
				CLANG_WARN_OBJC_ROOT_CLASS = YES_ERROR;
				CLANG_WARN_QUOTED_INCLUDE_IN_FRAMEWORK_HEADER = YES;
				CLANG_WARN_RANGE_LOOP_ANALYSIS = YES;
				CLANG_WARN_STRICT_PROTOTYPES = YES;
				CLANG_WARN_SUSPICIOUS_MOVE = YES;
				CLANG_WARN_UNGUARDED_AVAILABILITY = YES_AGGRESSIVE;
				CLANG_WARN_UNREACHABLE_CODE = YES;
				CLANG_WARN__DUPLICATE_METHOD_MATCH = YES;
				COPY_PHASE_STRIP = NO;
				DEBUG_INFORMATION_FORMAT = dwarf;
				ENABLE_STRICT_OBJC_MSGSEND = YES;
				ENABLE_TESTABILITY = YES;
				ENABLE_USER_SCRIPT_SANDBOXING = YES;
				GCC_C_LANGUAGE_STANDARD = gnu17;
				GCC_DYNAMIC_NO_PIC = NO;
				GCC_NO_COMMON_BLOCKS = YES;
				GCC_OPTIMIZATION_LEVEL = 0;
				GCC_PREPROCESSOR_DEFINITIONS = (
					"DEBUG=1",
					"$(inherited)",
				);
				GCC_WARN_64_TO_32_BIT_CONVERSION = YES;
				GCC_WARN_ABOUT_RETURN_TYPE = YES_ERROR;
				GCC_WARN_UNDECLARED_SELECTOR = YES;
				GCC_WARN_UNINITIALIZED_AUTOS = YES_AGGRESSIVE;
				GCC_WARN_UNUSED_FUNCTION = YES;
				GCC_WARN_UNUSED_VARIABLE = YES;
				IPHONEOS_DEPLOYMENT_TARGET = 17.2;
				LOCALIZATION_PREFERS_STRING_CATALOGS = YES;
				MTL_ENABLE_DEBUG_INFO = INCLUDE_SOURCE;
				MTL_FAST_MATH = YES;
				ONLY_ACTIVE_ARCH = YES;
				SDKROOT = iphoneos;
				SWIFT_ACTIVE_COMPILATION_CONDITIONS = "DEBUG $(inherited)";
				SWIFT_OPTIMIZATION_LEVEL = "-Onone";
			};
			name = Debug;
		};
		AC143C0E2BB6C98C00EEC76C /* Release */ = {
			isa = XCBuildConfiguration;
			buildSettings = {
				ALWAYS_SEARCH_USER_PATHS = NO;
				ASSETCATALOG_COMPILER_GENERATE_SWIFT_ASSET_SYMBOL_EXTENSIONS = YES;
				CLANG_ANALYZER_NONNULL = YES;
				CLANG_ANALYZER_NUMBER_OBJECT_CONVERSION = YES_AGGRESSIVE;
				CLANG_CXX_LANGUAGE_STANDARD = "gnu++20";
				CLANG_ENABLE_MODULES = YES;
				CLANG_ENABLE_OBJC_ARC = YES;
				CLANG_ENABLE_OBJC_WEAK = YES;
				CLANG_WARN_BLOCK_CAPTURE_AUTORELEASING = YES;
				CLANG_WARN_BOOL_CONVERSION = YES;
				CLANG_WARN_COMMA = YES;
				CLANG_WARN_CONSTANT_CONVERSION = YES;
				CLANG_WARN_DEPRECATED_OBJC_IMPLEMENTATIONS = YES;
				CLANG_WARN_DIRECT_OBJC_ISA_USAGE = YES_ERROR;
				CLANG_WARN_DOCUMENTATION_COMMENTS = YES;
				CLANG_WARN_EMPTY_BODY = YES;
				CLANG_WARN_ENUM_CONVERSION = YES;
				CLANG_WARN_INFINITE_RECURSION = YES;
				CLANG_WARN_INT_CONVERSION = YES;
				CLANG_WARN_NON_LITERAL_NULL_CONVERSION = YES;
				CLANG_WARN_OBJC_IMPLICIT_RETAIN_SELF = YES;
				CLANG_WARN_OBJC_LITERAL_CONVERSION = YES;
				CLANG_WARN_OBJC_ROOT_CLASS = YES_ERROR;
				CLANG_WARN_QUOTED_INCLUDE_IN_FRAMEWORK_HEADER = YES;
				CLANG_WARN_RANGE_LOOP_ANALYSIS = YES;
				CLANG_WARN_STRICT_PROTOTYPES = YES;
				CLANG_WARN_SUSPICIOUS_MOVE = YES;
				CLANG_WARN_UNGUARDED_AVAILABILITY = YES_AGGRESSIVE;
				CLANG_WARN_UNREACHABLE_CODE = YES;
				CLANG_WARN__DUPLICATE_METHOD_MATCH = YES;
				COPY_PHASE_STRIP = NO;
				DEBUG_INFORMATION_FORMAT = "dwarf-with-dsym";
				ENABLE_NS_ASSERTIONS = NO;
				ENABLE_STRICT_OBJC_MSGSEND = YES;
				ENABLE_USER_SCRIPT_SANDBOXING = YES;
				GCC_C_LANGUAGE_STANDARD = gnu17;
				GCC_NO_COMMON_BLOCKS = YES;
				GCC_WARN_64_TO_32_BIT_CONVERSION = YES;
				GCC_WARN_ABOUT_RETURN_TYPE = YES_ERROR;
				GCC_WARN_UNDECLARED_SELECTOR = YES;
				GCC_WARN_UNINITIALIZED_AUTOS = YES_AGGRESSIVE;
				GCC_WARN_UNUSED_FUNCTION = YES;
				GCC_WARN_UNUSED_VARIABLE = YES;
				IPHONEOS_DEPLOYMENT_TARGET = 17.2;
				LOCALIZATION_PREFERS_STRING_CATALOGS = YES;
				MTL_ENABLE_DEBUG_INFO = NO;
				MTL_FAST_MATH = YES;
				SDKROOT = iphoneos;
				SWIFT_COMPILATION_MODE = wholemodule;
				VALIDATE_PRODUCT = YES;
			};
			name = Release;
		};
		AC143C102BB6C98C00EEC76C /* Debug */ = {
			isa = XCBuildConfiguration;
			buildSettings = {
				ASSETCATALOG_COMPILER_APPICON_NAME = AppIcon;
				ASSETCATALOG_COMPILER_GLOBAL_ACCENT_COLOR_NAME = AccentColor;
				CODE_SIGN_STYLE = Automatic;
				CURRENT_PROJECT_VERSION = 1;
				DEVELOPMENT_ASSET_PATHS = "\"FinSmart/Preview Content\"";
				ENABLE_PREVIEWS = YES;
				GENERATE_INFOPLIST_FILE = YES;
				INFOPLIST_KEY_UIApplicationSceneManifest_Generation = YES;
				INFOPLIST_KEY_UIApplicationSupportsIndirectInputEvents = YES;
				INFOPLIST_KEY_UILaunchScreen_Generation = YES;
				INFOPLIST_KEY_UISupportedInterfaceOrientations_iPad = "UIInterfaceOrientationPortrait UIInterfaceOrientationPortraitUpsideDown UIInterfaceOrientationLandscapeLeft UIInterfaceOrientationLandscapeRight";
				INFOPLIST_KEY_UISupportedInterfaceOrientations_iPhone = "UIInterfaceOrientationPortrait UIInterfaceOrientationLandscapeLeft UIInterfaceOrientationLandscapeRight";
				LD_RUNPATH_SEARCH_PATHS = (
					"$(inherited)",
					"@executable_path/Frameworks",
				);
				MARKETING_VERSION = 1.0;
				PRODUCT_BUNDLE_IDENTIFIER = "com.example.apple-samplecode.FinSmart";
				PRODUCT_NAME = "$(TARGET_NAME)";
				SWIFT_EMIT_LOC_STRINGS = YES;
				SWIFT_VERSION = 5.0;
				TARGETED_DEVICE_FAMILY = "1,2";
			};
			name = Debug;
		};
		AC143C112BB6C98C00EEC76C /* Release */ = {
			isa = XCBuildConfiguration;
			buildSettings = {
				ASSETCATALOG_COMPILER_APPICON_NAME = AppIcon;
				ASSETCATALOG_COMPILER_GLOBAL_ACCENT_COLOR_NAME = AccentColor;
				CODE_SIGN_STYLE = Automatic;
				CURRENT_PROJECT_VERSION = 1;
				DEVELOPMENT_ASSET_PATHS = "\"FinSmart/Preview Content\"";
				ENABLE_PREVIEWS = YES;
				GENERATE_INFOPLIST_FILE = YES;
				INFOPLIST_KEY_UIApplicationSceneManifest_Generation = YES;
				INFOPLIST_KEY_UIApplicationSupportsIndirectInputEvents = YES;
				INFOPLIST_KEY_UILaunchScreen_Generation = YES;
				INFOPLIST_KEY_UISupportedInterfaceOrientations_iPad = "UIInterfaceOrientationPortrait UIInterfaceOrientationPortraitUpsideDown UIInterfaceOrientationLandscapeLeft UIInterfaceOrientationLandscapeRight";
				INFOPLIST_KEY_UISupportedInterfaceOrientations_iPhone = "UIInterfaceOrientationPortrait UIInterfaceOrientationLandscapeLeft UIInterfaceOrientationLandscapeRight";
				LD_RUNPATH_SEARCH_PATHS = (
					"$(inherited)",
					"@executable_path/Frameworks",
				);
				MARKETING_VERSION = 1.0;
				PRODUCT_BUNDLE_IDENTIFIER = "com.example.apple-samplecode.FinSmart";
				PRODUCT_NAME = "$(TARGET_NAME)";
				SWIFT_EMIT_LOC_STRINGS = YES;
				SWIFT_VERSION = 5.0;
				TARGETED_DEVICE_FAMILY = "1,2";
			};
			name = Release;
		};
/* End XCBuildConfiguration section */

/* Begin XCConfigurationList section */
		AC143BFC2BB6C98B00EEC76C /* Build configuration list for PBXProject "FinSmart" */ = {
			isa = XCConfigurationList;
			buildConfigurations = (
				AC143C0D2BB6C98C00EEC76C /* Debug */,
				AC143C0E2BB6C98C00EEC76C /* Release */,
			);
			defaultConfigurationIsVisible = 0;
			defaultConfigurationName = Release;
		};
		AC143C0F2BB6C98C00EEC76C /* Build configuration list for PBXNativeTarget "FinSmart" */ = {
			isa = XCConfigurationList;
			buildConfigurations = (
				AC143C102BB6C98C00EEC76C /* Debug */,
				AC143C112BB6C98C00EEC76C /* Release */,
			);
			defaultConfigurationIsVisible = 0;
			defaultConfigurationName = Release;
		};
/* End XCConfigurationList section */
	};
	rootObject = AC143BF92BB6C98B00EEC76C /* Project object */;
}
